
Microsoft Visual Studio Solution File, Format Version 12.00
# Visual Studio 15
VisualStudioVersion = 15.0.28307.1169
MinimumVisualStudioVersion = 10.0.40219.1
Project("{8BC9CEB8-8B4A-11D0-8D11-00A0C91BC942}") = "Sudoxo", "Sudoxo\Sudoxo.vcxproj", "{F96DA5C4-9F11-4BCF-BC1A-C03AFF9A2F20}"
EndProject
Global
	GlobalSection(SolutionConfigurationPlatforms) = preSolution
		Debug|x64 = Debug|x64
		Debug|x86 = Debug|x86
		Release|x64 = Release|x64
		Release|x86 = Release|x86
	EndGlobalSection
	GlobalSection(ProjectConfigurationPlatforms) = postSolution
		{F96DA5C4-9F11-4BCF-BC1A-C03AFF9A2F20}.Debug|x64.ActiveCfg = Debug|x64
		{F96DA5C4-9F11-4BCF-BC1A-C03AFF9A2F20}.Debug|x64.Build.0 = Debug|x64
		{F96DA5C4-9F11-4BCF-BC1A-C03AFF9A2F20}.Debug|x86.ActiveCfg = Debug|Win32
		{F96DA5C4-9F11-4BCF-BC1A-C03AFF9A2F20}.Debug|x86.Build.0 = Debug|Win32
		{F96DA5C4-9F11-4BCF-BC1A-C03AFF9A2F20}.Release|x64.ActiveCfg = Release|x64
		{F96DA5C4-9F11-4BCF-BC1A-C03AFF9A2F20}.Release|x64.Build.0 = Release|x64
		{F96DA5C4-9F11-4BCF-BC1A-C03AFF9A2F20}.Release|x86.ActiveCfg = Release|Win32
		{F96DA5C4-9F11-4BCF-BC1A-C03AFF9A2F20}.Release|x86.Build.0 = Release|Win32
	EndGlobalSection
	GlobalSection(SolutionProperties) = preSolution
		HideSolutionNode = FALSE
	EndGlobalSection
	GlobalSection(ExtensibilityGlobals) = postSolution
		SolutionGuid = {A467ECB5-8D0B-40BC-B9C0-1CCA12FA647E}
	EndGlobalSection
EndGlobal
